// !$*UTF8*$!
{
	archiveVersion = 1;
	classes = {
	};
	objectVersion = 55;
	objects = {

/* Begin PBXBuildFile section */
		FF29EFED27953717006C5D79 /* UpdateStore.swift in Sources */ = {isa = PBXBuildFile; fileRef = FF29EFEC27953717006C5D79 /* UpdateStore.swift */; };
		FF29EFEF27953CAB006C5D79 /* TabBar.swift in Sources */ = {isa = PBXBuildFile; fileRef = FF29EFEE27953CAB006C5D79 /* TabBar.swift */; };
		FF29EFF12795D5B8006C5D79 /* RingView.swift in Sources */ = {isa = PBXBuildFile; fileRef = FF29EFF02795D5B8006C5D79 /* RingView.swift */; };
		FF5E0CF3279617F9003DD2ED /* Modifier.swift in Sources */ = {isa = PBXBuildFile; fileRef = FF5E0CF2279617F9003DD2ED /* Modifier.swift */; };
		FF5E0D0C27961DAF003DD2ED /* WorkSans-VariableFont_wght.ttf in Resources */ = {isa = PBXBuildFile; fileRef = FF5E0CF527961DAF003DD2ED /* WorkSans-VariableFont_wght.ttf */; };
		FF5E0D0D27961DAF003DD2ED /* WorkSans-Regular.ttf in Resources */ = {isa = PBXBuildFile; fileRef = FF5E0CF727961DAF003DD2ED /* WorkSans-Regular.ttf */; };
		FF5E0D0E27961DAF003DD2ED /* WorkSans-Light.ttf in Resources */ = {isa = PBXBuildFile; fileRef = FF5E0CF827961DAF003DD2ED /* WorkSans-Light.ttf */; };
		FF5E0D0F27961DAF003DD2ED /* WorkSans-ExtraBold.ttf in Resources */ = {isa = PBXBuildFile; fileRef = FF5E0CF927961DAF003DD2ED /* WorkSans-ExtraBold.ttf */; };
		FF5E0D1027961DAF003DD2ED /* WorkSans-SemiBoldItalic.ttf in Resources */ = {isa = PBXBuildFile; fileRef = FF5E0CFA27961DAF003DD2ED /* WorkSans-SemiBoldItalic.ttf */; };
		FF5E0D1127961DAF003DD2ED /* WorkSans-MediumItalic.ttf in Resources */ = {isa = PBXBuildFile; fileRef = FF5E0CFB27961DAF003DD2ED /* WorkSans-MediumItalic.ttf */; };
		FF5E0D1227961DAF003DD2ED /* WorkSans-BoldItalic.ttf in Resources */ = {isa = PBXBuildFile; fileRef = FF5E0CFC27961DAF003DD2ED /* WorkSans-BoldItalic.ttf */; };
		FF5E0D1327961DAF003DD2ED /* WorkSans-ExtraLight.ttf in Resources */ = {isa = PBXBuildFile; fileRef = FF5E0CFD27961DAF003DD2ED /* WorkSans-ExtraLight.ttf */; };
		FF5E0D1427961DAF003DD2ED /* WorkSans-ThinItalic.ttf in Resources */ = {isa = PBXBuildFile; fileRef = FF5E0CFE27961DAF003DD2ED /* WorkSans-ThinItalic.ttf */; };
		FF5E0D1527961DAF003DD2ED /* WorkSans-ExtraLightItalic.ttf in Resources */ = {isa = PBXBuildFile; fileRef = FF5E0CFF27961DAF003DD2ED /* WorkSans-ExtraLightItalic.ttf */; };
		FF5E0D1627961DAF003DD2ED /* WorkSans-Medium.ttf in Resources */ = {isa = PBXBuildFile; fileRef = FF5E0D0027961DAF003DD2ED /* WorkSans-Medium.ttf */; };
		FF5E0D1727961DAF003DD2ED /* WorkSans-SemiBold.ttf in Resources */ = {isa = PBXBuildFile; fileRef = FF5E0D0127961DAF003DD2ED /* WorkSans-SemiBold.ttf */; };
		FF5E0D1827961DAF003DD2ED /* WorkSans-Italic.ttf in Resources */ = {isa = PBXBuildFile; fileRef = FF5E0D0227961DAF003DD2ED /* WorkSans-Italic.ttf */; };
		FF5E0D1927961DAF003DD2ED /* WorkSans-BlackItalic.ttf in Resources */ = {isa = PBXBuildFile; fileRef = FF5E0D0327961DAF003DD2ED /* WorkSans-BlackItalic.ttf */; };
		FF5E0D1A27961DAF003DD2ED /* WorkSans-Thin.ttf in Resources */ = {isa = PBXBuildFile; fileRef = FF5E0D0427961DAF003DD2ED /* WorkSans-Thin.ttf */; };
		FF5E0D1B27961DAF003DD2ED /* WorkSans-Black.ttf in Resources */ = {isa = PBXBuildFile; fileRef = FF5E0D0527961DAF003DD2ED /* WorkSans-Black.ttf */; };
		FF5E0D1C27961DAF003DD2ED /* WorkSans-LightItalic.ttf in Resources */ = {isa = PBXBuildFile; fileRef = FF5E0D0627961DAF003DD2ED /* WorkSans-LightItalic.ttf */; };
		FF5E0D1D27961DAF003DD2ED /* WorkSans-ExtraBoldItalic.ttf in Resources */ = {isa = PBXBuildFile; fileRef = FF5E0D0727961DAF003DD2ED /* WorkSans-ExtraBoldItalic.ttf */; };
		FF5E0D1E27961DAF003DD2ED /* WorkSans-Bold.ttf in Resources */ = {isa = PBXBuildFile; fileRef = FF5E0D0827961DAF003DD2ED /* WorkSans-Bold.ttf */; };
		FF5E0D1F27961DAF003DD2ED /* WorkSans-Italic-VariableFont_wght.ttf in Resources */ = {isa = PBXBuildFile; fileRef = FF5E0D0927961DAF003DD2ED /* WorkSans-Italic-VariableFont_wght.ttf */; };
		FF5E0D2027961DAF003DD2ED /* OFL.txt in Resources */ = {isa = PBXBuildFile; fileRef = FF5E0D0A27961DAF003DD2ED /* OFL.txt */; };
		FF5E0D2127961DB0003DD2ED /* README.txt in Resources */ = {isa = PBXBuildFile; fileRef = FF5E0D0B27961DAF003DD2ED /* README.txt */; };
		FF77CB3D2793BE8F00BEC976 /* UpdateDetail.swift in Sources */ = {isa = PBXBuildFile; fileRef = FF77CB3C2793BE8F00BEC976 /* UpdateDetail.swift */; };
		FFB1D60C278EF58800E95B45 /* Home.swift in Sources */ = {isa = PBXBuildFile; fileRef = FFB1D60B278EF58800E95B45 /* Home.swift */; };
		FFB1D60E278F7B3200E95B45 /* HomeView.swift in Sources */ = {isa = PBXBuildFile; fileRef = FFB1D60D278F7B3200E95B45 /* HomeView.swift */; };
		FFB1D6102793755100E95B45 /* UpdateList.swift in Sources */ = {isa = PBXBuildFile; fileRef = FFB1D60F2793755100E95B45 /* UpdateList.swift */; };
		FFBA476A278DED9E002E1ABF /* FirstAppApp.swift in Sources */ = {isa = PBXBuildFile; fileRef = FFBA4769278DED9E002E1ABF /* FirstAppApp.swift */; };
		FFBA476C278DED9E002E1ABF /* ContentView.swift in Sources */ = {isa = PBXBuildFile; fileRef = FFBA476B278DED9E002E1ABF /* ContentView.swift */; };
		FFBA476E278DED9F002E1ABF /* Assets.xcassets in Resources */ = {isa = PBXBuildFile; fileRef = FFBA476D278DED9F002E1ABF /* Assets.xcassets */; };
		FFBA4771278DED9F002E1ABF /* Preview Assets.xcassets in Resources */ = {isa = PBXBuildFile; fileRef = FFBA4770278DED9F002E1ABF /* Preview Assets.xcassets */; };
		FFBA477B278DED9F002E1ABF /* FirstAppTests.swift in Sources */ = {isa = PBXBuildFile; fileRef = FFBA477A278DED9F002E1ABF /* FirstAppTests.swift */; };
		FFBA4785278DED9F002E1ABF /* FirstAppUITests.swift in Sources */ = {isa = PBXBuildFile; fileRef = FFBA4784278DED9F002E1ABF /* FirstAppUITests.swift */; };
		FFBA4787278DED9F002E1ABF /* FirstAppUITestsLaunchTests.swift in Sources */ = {isa = PBXBuildFile; fileRef = FFBA4786278DED9F002E1ABF /* FirstAppUITestsLaunchTests.swift */; };
		FFC30858278EE5E1001DCDAA /* MenuView.swift in Sources */ = {isa = PBXBuildFile; fileRef = FFC30857278EE5E1001DCDAA /* MenuView.swift */; };
/* End PBXBuildFile section */

/* Begin PBXContainerItemProxy section */
		FFBA4777278DED9F002E1ABF /* PBXContainerItemProxy */ = {
			isa = PBXContainerItemProxy;
			containerPortal = FFBA475E278DED9E002E1ABF /* Project object */;
			proxyType = 1;
			remoteGlobalIDString = FFBA4765278DED9E002E1ABF;
			remoteInfo = FirstApp;
		};
		FFBA4781278DED9F002E1ABF /* PBXContainerItemProxy */ = {
			isa = PBXContainerItemProxy;
			containerPortal = FFBA475E278DED9E002E1ABF /* Project object */;
			proxyType = 1;
			remoteGlobalIDString = FFBA4765278DED9E002E1ABF;
			remoteInfo = FirstApp;
		};
/* End PBXContainerItemProxy section */

/* Begin PBXFileReference section */
		FF29EFEC27953717006C5D79 /* UpdateStore.swift */ = {isa = PBXFileReference; lastKnownFileType = sourcecode.swift; path = UpdateStore.swift; sourceTree = "<group>"; };
		FF29EFEE27953CAB006C5D79 /* TabBar.swift */ = {isa = PBXFileReference; lastKnownFileType = sourcecode.swift; path = TabBar.swift; sourceTree = "<group>"; };
		FF29EFF02795D5B8006C5D79 /* RingView.swift */ = {isa = PBXFileReference; lastKnownFileType = sourcecode.swift; path = RingView.swift; sourceTree = "<group>"; };
		FF5E0CF2279617F9003DD2ED /* Modifier.swift */ = {isa = PBXFileReference; lastKnownFileType = sourcecode.swift; path = Modifier.swift; sourceTree = "<group>"; };
		FF5E0CF527961DAF003DD2ED /* WorkSans-VariableFont_wght.ttf */ = {isa = PBXFileReference; lastKnownFileType = file; path = "WorkSans-VariableFont_wght.ttf"; sourceTree = "<group>"; };
		FF5E0CF727961DAF003DD2ED /* WorkSans-Regular.ttf */ = {isa = PBXFileReference; lastKnownFileType = file; path = "WorkSans-Regular.ttf"; sourceTree = "<group>"; };
		FF5E0CF827961DAF003DD2ED /* WorkSans-Light.ttf */ = {isa = PBXFileReference; lastKnownFileType = file; path = "WorkSans-Light.ttf"; sourceTree = "<group>"; };
		FF5E0CF927961DAF003DD2ED /* WorkSans-ExtraBold.ttf */ = {isa = PBXFileReference; lastKnownFileType = file; path = "WorkSans-ExtraBold.ttf"; sourceTree = "<group>"; };
		FF5E0CFA27961DAF003DD2ED /* WorkSans-SemiBoldItalic.ttf */ = {isa = PBXFileReference; lastKnownFileType = file; path = "WorkSans-SemiBoldItalic.ttf"; sourceTree = "<group>"; };
		FF5E0CFB27961DAF003DD2ED /* WorkSans-MediumItalic.ttf */ = {isa = PBXFileReference; lastKnownFileType = file; path = "WorkSans-MediumItalic.ttf"; sourceTree = "<group>"; };
		FF5E0CFC27961DAF003DD2ED /* WorkSans-BoldItalic.ttf */ = {isa = PBXFileReference; lastKnownFileType = file; path = "WorkSans-BoldItalic.ttf"; sourceTree = "<group>"; };
		FF5E0CFD27961DAF003DD2ED /* WorkSans-ExtraLight.ttf */ = {isa = PBXFileReference; lastKnownFileType = file; path = "WorkSans-ExtraLight.ttf"; sourceTree = "<group>"; };
		FF5E0CFE27961DAF003DD2ED /* WorkSans-ThinItalic.ttf */ = {isa = PBXFileReference; lastKnownFileType = file; path = "WorkSans-ThinItalic.ttf"; sourceTree = "<group>"; };
		FF5E0CFF27961DAF003DD2ED /* WorkSans-ExtraLightItalic.ttf */ = {isa = PBXFileReference; lastKnownFileType = file; path = "WorkSans-ExtraLightItalic.ttf"; sourceTree = "<group>"; };
		FF5E0D0027961DAF003DD2ED /* WorkSans-Medium.ttf */ = {isa = PBXFileReference; lastKnownFileType = file; path = "WorkSans-Medium.ttf"; sourceTree = "<group>"; };
		FF5E0D0127961DAF003DD2ED /* WorkSans-SemiBold.ttf */ = {isa = PBXFileReference; lastKnownFileType = file; path = "WorkSans-SemiBold.ttf"; sourceTree = "<group>"; };
		FF5E0D0227961DAF003DD2ED /* WorkSans-Italic.ttf */ = {isa = PBXFileReference; lastKnownFileType = file; path = "WorkSans-Italic.ttf"; sourceTree = "<group>"; };
		FF5E0D0327961DAF003DD2ED /* WorkSans-BlackItalic.ttf */ = {isa = PBXFileReference; lastKnownFileType = file; path = "WorkSans-BlackItalic.ttf"; sourceTree = "<group>"; };
		FF5E0D0427961DAF003DD2ED /* WorkSans-Thin.ttf */ = {isa = PBXFileReference; lastKnownFileType = file; path = "WorkSans-Thin.ttf"; sourceTree = "<group>"; };
		FF5E0D0527961DAF003DD2ED /* WorkSans-Black.ttf */ = {isa = PBXFileReference; lastKnownFileType = file; path = "WorkSans-Black.ttf"; sourceTree = "<group>"; };
		FF5E0D0627961DAF003DD2ED /* WorkSans-LightItalic.ttf */ = {isa = PBXFileReference; lastKnownFileType = file; path = "WorkSans-LightItalic.ttf"; sourceTree = "<group>"; };
		FF5E0D0727961DAF003DD2ED /* WorkSans-ExtraBoldItalic.ttf */ = {isa = PBXFileReference; lastKnownFileType = file; path = "WorkSans-ExtraBoldItalic.ttf"; sourceTree = "<group>"; };
		FF5E0D0827961DAF003DD2ED /* WorkSans-Bold.ttf */ = {isa = PBXFileReference; lastKnownFileType = file; path = "WorkSans-Bold.ttf"; sourceTree = "<group>"; };
		FF5E0D0927961DAF003DD2ED /* WorkSans-Italic-VariableFont_wght.ttf */ = {isa = PBXFileReference; lastKnownFileType = file; path = "WorkSans-Italic-VariableFont_wght.ttf"; sourceTree = "<group>"; };
		FF5E0D0A27961DAF003DD2ED /* OFL.txt */ = {isa = PBXFileReference; fileEncoding = 4; lastKnownFileType = text; path = OFL.txt; sourceTree = "<group>"; };
		FF5E0D0B27961DAF003DD2ED /* README.txt */ = {isa = PBXFileReference; fileEncoding = 4; lastKnownFileType = text; path = README.txt; sourceTree = "<group>"; };
		FF5E0D2227961E39003DD2ED /* Info.plist */ = {isa = PBXFileReference; lastKnownFileType = text.plist; path = Info.plist; sourceTree = "<group>"; };
		FF77CB3C2793BE8F00BEC976 /* UpdateDetail.swift */ = {isa = PBXFileReference; lastKnownFileType = sourcecode.swift; path = UpdateDetail.swift; sourceTree = "<group>"; };
		FFB1D60B278EF58800E95B45 /* Home.swift */ = {isa = PBXFileReference; lastKnownFileType = sourcecode.swift; path = Home.swift; sourceTree = "<group>"; };
		FFB1D60D278F7B3200E95B45 /* HomeView.swift */ = {isa = PBXFileReference; lastKnownFileType = sourcecode.swift; path = HomeView.swift; sourceTree = "<group>"; };
		FFB1D60F2793755100E95B45 /* UpdateList.swift */ = {isa = PBXFileReference; lastKnownFileType = sourcecode.swift; path = UpdateList.swift; sourceTree = "<group>"; };
		FFBA4766278DED9E002E1ABF /* FirstApp.app */ = {isa = PBXFileReference; explicitFileType = wrapper.application; includeInIndex = 0; path = FirstApp.app; sourceTree = BUILT_PRODUCTS_DIR; };
		FFBA4769278DED9E002E1ABF /* FirstAppApp.swift */ = {isa = PBXFileReference; lastKnownFileType = sourcecode.swift; path = FirstAppApp.swift; sourceTree = "<group>"; };
		FFBA476B278DED9E002E1ABF /* ContentView.swift */ = {isa = PBXFileReference; lastKnownFileType = sourcecode.swift; path = ContentView.swift; sourceTree = "<group>"; };
		FFBA476D278DED9F002E1ABF /* Assets.xcassets */ = {isa = PBXFileReference; lastKnownFileType = folder.assetcatalog; path = Assets.xcassets; sourceTree = "<group>"; };
		FFBA4770278DED9F002E1ABF /* Preview Assets.xcassets */ = {isa = PBXFileReference; lastKnownFileType = folder.assetcatalog; path = "Preview Assets.xcassets"; sourceTree = "<group>"; };
		FFBA4776278DED9F002E1ABF /* FirstAppTests.xctest */ = {isa = PBXFileReference; explicitFileType = wrapper.cfbundle; includeInIndex = 0; path = FirstAppTests.xctest; sourceTree = BUILT_PRODUCTS_DIR; };
		FFBA477A278DED9F002E1ABF /* FirstAppTests.swift */ = {isa = PBXFileReference; lastKnownFileType = sourcecode.swift; path = FirstAppTests.swift; sourceTree = "<group>"; };
		FFBA4780278DED9F002E1ABF /* FirstAppUITests.xctest */ = {isa = PBXFileReference; explicitFileType = wrapper.cfbundle; includeInIndex = 0; path = FirstAppUITests.xctest; sourceTree = BUILT_PRODUCTS_DIR; };
		FFBA4784278DED9F002E1ABF /* FirstAppUITests.swift */ = {isa = PBXFileReference; lastKnownFileType = sourcecode.swift; path = FirstAppUITests.swift; sourceTree = "<group>"; };
		FFBA4786278DED9F002E1ABF /* FirstAppUITestsLaunchTests.swift */ = {isa = PBXFileReference; lastKnownFileType = sourcecode.swift; path = FirstAppUITestsLaunchTests.swift; sourceTree = "<group>"; };
		FFC30856278E46E3001DCDAA /* FirstApp.entitlements */ = {isa = PBXFileReference; lastKnownFileType = text.plist.entitlements; path = FirstApp.entitlements; sourceTree = "<group>"; };
		FFC30857278EE5E1001DCDAA /* MenuView.swift */ = {isa = PBXFileReference; lastKnownFileType = sourcecode.swift; path = MenuView.swift; sourceTree = "<group>"; };
/* End PBXFileReference section */

/* Begin PBXFrameworksBuildPhase section */
		FFBA4763278DED9E002E1ABF /* Frameworks */ = {
			isa = PBXFrameworksBuildPhase;
			buildActionMask = 2147483647;
			files = (
			);
			runOnlyForDeploymentPostprocessing = 0;
		};
		FFBA4773278DED9F002E1ABF /* Frameworks */ = {
			isa = PBXFrameworksBuildPhase;
			buildActionMask = 2147483647;
			files = (
			);
			runOnlyForDeploymentPostprocessing = 0;
		};
		FFBA477D278DED9F002E1ABF /* Frameworks */ = {
			isa = PBXFrameworksBuildPhase;
			buildActionMask = 2147483647;
			files = (
			);
			runOnlyForDeploymentPostprocessing = 0;
		};
/* End PBXFrameworksBuildPhase section */

/* Begin PBXGroup section */
		FF5E0CF427961DAF003DD2ED /* Work_Sans */ = {
			isa = PBXGroup;
			children = (
				FF5E0CF527961DAF003DD2ED /* WorkSans-VariableFont_wght.ttf */,
				FF5E0CF627961DAF003DD2ED /* static */,
				FF5E0D0927961DAF003DD2ED /* WorkSans-Italic-VariableFont_wght.ttf */,
				FF5E0D0A27961DAF003DD2ED /* OFL.txt */,
				FF5E0D0B27961DAF003DD2ED /* README.txt */,
			);
			path = Work_Sans;
			sourceTree = "<group>";
		};
		FF5E0CF627961DAF003DD2ED /* static */ = {
			isa = PBXGroup;
			children = (
				FF5E0CF727961DAF003DD2ED /* WorkSans-Regular.ttf */,
				FF5E0CF827961DAF003DD2ED /* WorkSans-Light.ttf */,
				FF5E0CF927961DAF003DD2ED /* WorkSans-ExtraBold.ttf */,
				FF5E0CFA27961DAF003DD2ED /* WorkSans-SemiBoldItalic.ttf */,
				FF5E0CFB27961DAF003DD2ED /* WorkSans-MediumItalic.ttf */,
				FF5E0CFC27961DAF003DD2ED /* WorkSans-BoldItalic.ttf */,
				FF5E0CFD27961DAF003DD2ED /* WorkSans-ExtraLight.ttf */,
				FF5E0CFE27961DAF003DD2ED /* WorkSans-ThinItalic.ttf */,
				FF5E0CFF27961DAF003DD2ED /* WorkSans-ExtraLightItalic.ttf */,
				FF5E0D0027961DAF003DD2ED /* WorkSans-Medium.ttf */,
				FF5E0D0127961DAF003DD2ED /* WorkSans-SemiBold.ttf */,
				FF5E0D0227961DAF003DD2ED /* WorkSans-Italic.ttf */,
				FF5E0D0327961DAF003DD2ED /* WorkSans-BlackItalic.ttf */,
				FF5E0D0427961DAF003DD2ED /* WorkSans-Thin.ttf */,
				FF5E0D0527961DAF003DD2ED /* WorkSans-Black.ttf */,
				FF5E0D0627961DAF003DD2ED /* WorkSans-LightItalic.ttf */,
				FF5E0D0727961DAF003DD2ED /* WorkSans-ExtraBoldItalic.ttf */,
				FF5E0D0827961DAF003DD2ED /* WorkSans-Bold.ttf */,
			);
			path = static;
			sourceTree = "<group>";
		};
		FFBA475D278DED9E002E1ABF = {
			isa = PBXGroup;
			children = (
				FFBA4768278DED9E002E1ABF /* FirstApp */,
				FFBA4779278DED9F002E1ABF /* FirstAppTests */,
				FFBA4783278DED9F002E1ABF /* FirstAppUITests */,
				FFBA4767278DED9E002E1ABF /* Products */,
			);
			sourceTree = "<group>";
		};
		FFBA4767278DED9E002E1ABF /* Products */ = {
			isa = PBXGroup;
			children = (
				FFBA4766278DED9E002E1ABF /* FirstApp.app */,
				FFBA4776278DED9F002E1ABF /* FirstAppTests.xctest */,
				FFBA4780278DED9F002E1ABF /* FirstAppUITests.xctest */,
			);
			name = Products;
			sourceTree = "<group>";
		};
		FFBA4768278DED9E002E1ABF /* FirstApp */ = {
			isa = PBXGroup;
			children = (
				FF5E0D2227961E39003DD2ED /* Info.plist */,
				FF5E0CF427961DAF003DD2ED /* Work_Sans */,
				FFC30856278E46E3001DCDAA /* FirstApp.entitlements */,
				FFBA4769278DED9E002E1ABF /* FirstAppApp.swift */,
				FFBA476B278DED9E002E1ABF /* ContentView.swift */,
				FF29EFF02795D5B8006C5D79 /* RingView.swift */,
				FFC30857278EE5E1001DCDAA /* MenuView.swift */,
				FFBA476D278DED9F002E1ABF /* Assets.xcassets */,
				FFBA476F278DED9F002E1ABF /* Preview Content */,
				FFB1D60B278EF58800E95B45 /* Home.swift */,
				FFB1D60D278F7B3200E95B45 /* HomeView.swift */,
				FFB1D60F2793755100E95B45 /* UpdateList.swift */,
				FF77CB3C2793BE8F00BEC976 /* UpdateDetail.swift */,
				FF29EFEC27953717006C5D79 /* UpdateStore.swift */,
				FF29EFEE27953CAB006C5D79 /* TabBar.swift */,
				FF5E0CF2279617F9003DD2ED /* Modifier.swift */,
			);
			path = FirstApp;
			sourceTree = "<group>";
		};
		FFBA476F278DED9F002E1ABF /* Preview Content */ = {
			isa = PBXGroup;
			children = (
				FFBA4770278DED9F002E1ABF /* Preview Assets.xcassets */,
			);
			path = "Preview Content";
			sourceTree = "<group>";
		};
		FFBA4779278DED9F002E1ABF /* FirstAppTests */ = {
			isa = PBXGroup;
			children = (
				FFBA477A278DED9F002E1ABF /* FirstAppTests.swift */,
			);
			path = FirstAppTests;
			sourceTree = "<group>";
		};
		FFBA4783278DED9F002E1ABF /* FirstAppUITests */ = {
			isa = PBXGroup;
			children = (
				FFBA4784278DED9F002E1ABF /* FirstAppUITests.swift */,
				FFBA4786278DED9F002E1ABF /* FirstAppUITestsLaunchTests.swift */,
			);
			path = FirstAppUITests;
			sourceTree = "<group>";
		};
/* End PBXGroup section */

/* Begin PBXNativeTarget section */
		FFBA4765278DED9E002E1ABF /* FirstApp */ = {
			isa = PBXNativeTarget;
			buildConfigurationList = FFBA478A278DED9F002E1ABF /* Build configuration list for PBXNativeTarget "FirstApp" */;
			buildPhases = (
				FFBA4762278DED9E002E1ABF /* Sources */,
				FFBA4763278DED9E002E1ABF /* Frameworks */,
				FFBA4764278DED9E002E1ABF /* Resources */,
			);
			buildRules = (
			);
			dependencies = (
			);
			name = FirstApp;
			productName = FirstApp;
			productReference = FFBA4766278DED9E002E1ABF /* FirstApp.app */;
			productType = "com.apple.product-type.application";
		};
		FFBA4775278DED9F002E1ABF /* FirstAppTests */ = {
			isa = PBXNativeTarget;
			buildConfigurationList = FFBA478D278DED9F002E1ABF /* Build configuration list for PBXNativeTarget "FirstAppTests" */;
			buildPhases = (
				FFBA4772278DED9F002E1ABF /* Sources */,
				FFBA4773278DED9F002E1ABF /* Frameworks */,
				FFBA4774278DED9F002E1ABF /* Resources */,
			);
			buildRules = (
			);
			dependencies = (
				FFBA4778278DED9F002E1ABF /* PBXTargetDependency */,
			);
			name = FirstAppTests;
			productName = FirstAppTests;
			productReference = FFBA4776278DED9F002E1ABF /* FirstAppTests.xctest */;
			productType = "com.apple.product-type.bundle.unit-test";
		};
		FFBA477F278DED9F002E1ABF /* FirstAppUITests */ = {
			isa = PBXNativeTarget;
			buildConfigurationList = FFBA4790278DED9F002E1ABF /* Build configuration list for PBXNativeTarget "FirstAppUITests" */;
			buildPhases = (
				FFBA477C278DED9F002E1ABF /* Sources */,
				FFBA477D278DED9F002E1ABF /* Frameworks */,
				FFBA477E278DED9F002E1ABF /* Resources */,
			);
			buildRules = (
			);
			dependencies = (
				FFBA4782278DED9F002E1ABF /* PBXTargetDependency */,
			);
			name = FirstAppUITests;
			productName = FirstAppUITests;
			productReference = FFBA4780278DED9F002E1ABF /* FirstAppUITests.xctest */;
			productType = "com.apple.product-type.bundle.ui-testing";
		};
/* End PBXNativeTarget section */

/* Begin PBXProject section */
		FFBA475E278DED9E002E1ABF /* Project object */ = {
			isa = PBXProject;
			attributes = {
				BuildIndependentTargetsInParallel = 1;
				LastSwiftUpdateCheck = 1320;
				LastUpgradeCheck = 1320;
				TargetAttributes = {
					FFBA4765278DED9E002E1ABF = {
						CreatedOnToolsVersion = 13.2.1;
					};
					FFBA4775278DED9F002E1ABF = {
						CreatedOnToolsVersion = 13.2.1;
						TestTargetID = FFBA4765278DED9E002E1ABF;
					};
					FFBA477F278DED9F002E1ABF = {
						CreatedOnToolsVersion = 13.2.1;
						TestTargetID = FFBA4765278DED9E002E1ABF;
					};
				};
			};
			buildConfigurationList = FFBA4761278DED9E002E1ABF /* Build configuration list for PBXProject "FirstApp" */;
			compatibilityVersion = "Xcode 13.0";
			developmentRegion = en;
			hasScannedForEncodings = 0;
			knownRegions = (
				en,
				Base,
			);
			mainGroup = FFBA475D278DED9E002E1ABF;
			productRefGroup = FFBA4767278DED9E002E1ABF /* Products */;
			projectDirPath = "";
			projectRoot = "";
			targets = (
				FFBA4765278DED9E002E1ABF /* FirstApp */,
				FFBA4775278DED9F002E1ABF /* FirstAppTests */,
				FFBA477F278DED9F002E1ABF /* FirstAppUITests */,
			);
		};
/* End PBXProject section */

/* Begin PBXResourcesBuildPhase section */
		FFBA4764278DED9E002E1ABF /* Resources */ = {
			isa = PBXResourcesBuildPhase;
			buildActionMask = 2147483647;
			files = (
				FF5E0D1C27961DAF003DD2ED /* WorkSans-LightItalic.ttf in Resources */,
				FFBA4771278DED9F002E1ABF /* Preview Assets.xcassets in Resources */,
				FF5E0D1227961DAF003DD2ED /* WorkSans-BoldItalic.ttf in Resources */,
				FF5E0D1427961DAF003DD2ED /* WorkSans-ThinItalic.ttf in Resources */,
				FF5E0D1127961DAF003DD2ED /* WorkSans-MediumItalic.ttf in Resources */,
				FF5E0D1527961DAF003DD2ED /* WorkSans-ExtraLightItalic.ttf in Resources */,
				FFBA476E278DED9F002E1ABF /* Assets.xcassets in Resources */,
				FF5E0D1027961DAF003DD2ED /* WorkSans-SemiBoldItalic.ttf in Resources */,
				FF5E0D1D27961DAF003DD2ED /* WorkSans-ExtraBoldItalic.ttf in Resources */,
				FF5E0D0C27961DAF003DD2ED /* WorkSans-VariableFont_wght.ttf in Resources */,
				FF5E0D1A27961DAF003DD2ED /* WorkSans-Thin.ttf in Resources */,
				FF5E0D1327961DAF003DD2ED /* WorkSans-ExtraLight.ttf in Resources */,
				FF5E0D2027961DAF003DD2ED /* OFL.txt in Resources */,
				FF5E0D1727961DAF003DD2ED /* WorkSans-SemiBold.ttf in Resources */,
				FF5E0D0D27961DAF003DD2ED /* WorkSans-Regular.ttf in Resources */,
				FF5E0D1B27961DAF003DD2ED /* WorkSans-Black.ttf in Resources */,
				FF5E0D0F27961DAF003DD2ED /* WorkSans-ExtraBold.ttf in Resources */,
				FF5E0D1927961DAF003DD2ED /* WorkSans-BlackItalic.ttf in Resources */,
				FF5E0D1F27961DAF003DD2ED /* WorkSans-Italic-VariableFont_wght.ttf in Resources */,
				FF5E0D1627961DAF003DD2ED /* WorkSans-Medium.ttf in Resources */,
				FF5E0D1827961DAF003DD2ED /* WorkSans-Italic.ttf in Resources */,
				FF5E0D0E27961DAF003DD2ED /* WorkSans-Light.ttf in Resources */,
				FF5E0D2127961DB0003DD2ED /* README.txt in Resources */,
				FF5E0D1E27961DAF003DD2ED /* WorkSans-Bold.ttf in Resources */,
			);
			runOnlyForDeploymentPostprocessing = 0;
		};
		FFBA4774278DED9F002E1ABF /* Resources */ = {
			isa = PBXResourcesBuildPhase;
			buildActionMask = 2147483647;
			files = (
			);
			runOnlyForDeploymentPostprocessing = 0;
		};
		FFBA477E278DED9F002E1ABF /* Resources */ = {
			isa = PBXResourcesBuildPhase;
			buildActionMask = 2147483647;
			files = (
			);
			runOnlyForDeploymentPostprocessing = 0;
		};
/* End PBXResourcesBuildPhase section */

/* Begin PBXSourcesBuildPhase section */
		FFBA4762278DED9E002E1ABF /* Sources */ = {
			isa = PBXSourcesBuildPhase;
			buildActionMask = 2147483647;
			files = (
				FF29EFF12795D5B8006C5D79 /* RingView.swift in Sources */,
				FF29EFEF27953CAB006C5D79 /* TabBar.swift in Sources */,
				FF77CB3D2793BE8F00BEC976 /* UpdateDetail.swift in Sources */,
				FFBA476C278DED9E002E1ABF /* ContentView.swift in Sources */,
				FFB1D60C278EF58800E95B45 /* Home.swift in Sources */,
				FFB1D6102793755100E95B45 /* UpdateList.swift in Sources */,
				FF29EFED27953717006C5D79 /* UpdateStore.swift in Sources */,
				FF5E0CF3279617F9003DD2ED /* Modifier.swift in Sources */,
				FFC30858278EE5E1001DCDAA /* MenuView.swift in Sources */,
				FFB1D60E278F7B3200E95B45 /* HomeView.swift in Sources */,
				FFBA476A278DED9E002E1ABF /* FirstAppApp.swift in Sources */,
			);
			runOnlyForDeploymentPostprocessing = 0;
		};
		FFBA4772278DED9F002E1ABF /* Sources */ = {
			isa = PBXSourcesBuildPhase;
			buildActionMask = 2147483647;
			files = (
				FFBA477B278DED9F002E1ABF /* FirstAppTests.swift in Sources */,
			);
			runOnlyForDeploymentPostprocessing = 0;
		};
		FFBA477C278DED9F002E1ABF /* Sources */ = {
			isa = PBXSourcesBuildPhase;
			buildActionMask = 2147483647;
			files = (
				FFBA4787278DED9F002E1ABF /* FirstAppUITestsLaunchTests.swift in Sources */,
				FFBA4785278DED9F002E1ABF /* FirstAppUITests.swift in Sources */,
			);
			runOnlyForDeploymentPostprocessing = 0;
		};
/* End PBXSourcesBuildPhase section */

/* Begin PBXTargetDependency section */
		FFBA4778278DED9F002E1ABF /* PBXTargetDependency */ = {
			isa = PBXTargetDependency;
			target = FFBA4765278DED9E002E1ABF /* FirstApp */;
			targetProxy = FFBA4777278DED9F002E1ABF /* PBXContainerItemProxy */;
		};
		FFBA4782278DED9F002E1ABF /* PBXTargetDependency */ = {
			isa = PBXTargetDependency;
			target = FFBA4765278DED9E002E1ABF /* FirstApp */;
			targetProxy = FFBA4781278DED9F002E1ABF /* PBXContainerItemProxy */;
		};
/* End PBXTargetDependency section */

/* Begin XCBuildConfiguration section */
		FFBA4788278DED9F002E1ABF /* Debug */ = {
			isa = XCBuildConfiguration;
			buildSettings = {
				ALWAYS_SEARCH_USER_PATHS = NO;
				CLANG_ANALYZER_NONNULL = YES;
				CLANG_ANALYZER_NUMBER_OBJECT_CONVERSION = YES_AGGRESSIVE;
				CLANG_CXX_LANGUAGE_STANDARD = "gnu++17";
				CLANG_CXX_LIBRARY = "libc++";
				CLANG_ENABLE_MODULES = YES;
				CLANG_ENABLE_OBJC_ARC = YES;
				CLANG_ENABLE_OBJC_WEAK = YES;
				CLANG_WARN_BLOCK_CAPTURE_AUTORELEASING = YES;
				CLANG_WARN_BOOL_CONVERSION = YES;
				CLANG_WARN_COMMA = YES;
				CLANG_WARN_CONSTANT_CONVERSION = YES;
				CLANG_WARN_DEPRECATED_OBJC_IMPLEMENTATIONS = YES;
				CLANG_WARN_DIRECT_OBJC_ISA_USAGE = YES_ERROR;
				CLANG_WARN_DOCUMENTATION_COMMENTS = YES;
				CLANG_WARN_EMPTY_BODY = YES;
				CLANG_WARN_ENUM_CONVERSION = YES;
				CLANG_WARN_INFINITE_RECURSION = YES;
				CLANG_WARN_INT_CONVERSION = YES;
				CLANG_WARN_NON_LITERAL_NULL_CONVERSION = YES;
				CLANG_WARN_OBJC_IMPLICIT_RETAIN_SELF = YES;
				CLANG_WARN_OBJC_LITERAL_CONVERSION = YES;
				CLANG_WARN_OBJC_ROOT_CLASS = YES_ERROR;
				CLANG_WARN_QUOTED_INCLUDE_IN_FRAMEWORK_HEADER = YES;
				CLANG_WARN_RANGE_LOOP_ANALYSIS = YES;
				CLANG_WARN_STRICT_PROTOTYPES = YES;
				CLANG_WARN_SUSPICIOUS_MOVE = YES;
				CLANG_WARN_UNGUARDED_AVAILABILITY = YES_AGGRESSIVE;
				CLANG_WARN_UNREACHABLE_CODE = YES;
				CLANG_WARN__DUPLICATE_METHOD_MATCH = YES;
				COPY_PHASE_STRIP = NO;
				DEBUG_INFORMATION_FORMAT = dwarf;
				ENABLE_STRICT_OBJC_MSGSEND = YES;
				ENABLE_TESTABILITY = YES;
				GCC_C_LANGUAGE_STANDARD = gnu11;
				GCC_DYNAMIC_NO_PIC = NO;
				GCC_NO_COMMON_BLOCKS = YES;
				GCC_OPTIMIZATION_LEVEL = 0;
				GCC_PREPROCESSOR_DEFINITIONS = (
					"DEBUG=1",
					"$(inherited)",
				);
				GCC_WARN_64_TO_32_BIT_CONVERSION = YES;
				GCC_WARN_ABOUT_RETURN_TYPE = YES_ERROR;
				GCC_WARN_UNDECLARED_SELECTOR = YES;
				GCC_WARN_UNINITIALIZED_AUTOS = YES_AGGRESSIVE;
				GCC_WARN_UNUSED_FUNCTION = YES;
				GCC_WARN_UNUSED_VARIABLE = YES;
				IPHONEOS_DEPLOYMENT_TARGET = 15.0;
				MTL_ENABLE_DEBUG_INFO = INCLUDE_SOURCE;
				MTL_FAST_MATH = YES;
				ONLY_ACTIVE_ARCH = YES;
				SDKROOT = iphoneos;
				SWIFT_ACTIVE_COMPILATION_CONDITIONS = DEBUG;
				SWIFT_OPTIMIZATION_LEVEL = "-Onone";
			};
			name = Debug;
		};
		FFBA4789278DED9F002E1ABF /* Release */ = {
			isa = XCBuildConfiguration;
			buildSettings = {
				ALWAYS_SEARCH_USER_PATHS = NO;
				CLANG_ANALYZER_NONNULL = YES;
				CLANG_ANALYZER_NUMBER_OBJECT_CONVERSION = YES_AGGRESSIVE;
				CLANG_CXX_LANGUAGE_STANDARD = "gnu++17";
				CLANG_CXX_LIBRARY = "libc++";
				CLANG_ENABLE_MODULES = YES;
				CLANG_ENABLE_OBJC_ARC = YES;
				CLANG_ENABLE_OBJC_WEAK = YES;
				CLANG_WARN_BLOCK_CAPTURE_AUTORELEASING = YES;
				CLANG_WARN_BOOL_CONVERSION = YES;
				CLANG_WARN_COMMA = YES;
				CLANG_WARN_CONSTANT_CONVERSION = YES;
				CLANG_WARN_DEPRECATED_OBJC_IMPLEMENTATIONS = YES;
				CLANG_WARN_DIRECT_OBJC_ISA_USAGE = YES_ERROR;
				CLANG_WARN_DOCUMENTATION_COMMENTS = YES;
				CLANG_WARN_EMPTY_BODY = YES;
				CLANG_WARN_ENUM_CONVERSION = YES;
				CLANG_WARN_INFINITE_RECURSION = YES;
				CLANG_WARN_INT_CONVERSION = YES;
				CLANG_WARN_NON_LITERAL_NULL_CONVERSION = YES;
				CLANG_WARN_OBJC_IMPLICIT_RETAIN_SELF = YES;
				CLANG_WARN_OBJC_LITERAL_CONVERSION = YES;
				CLANG_WARN_OBJC_ROOT_CLASS = YES_ERROR;
				CLANG_WARN_QUOTED_INCLUDE_IN_FRAMEWORK_HEADER = YES;
				CLANG_WARN_RANGE_LOOP_ANALYSIS = YES;
				CLANG_WARN_STRICT_PROTOTYPES = YES;
				CLANG_WARN_SUSPICIOUS_MOVE = YES;
				CLANG_WARN_UNGUARDED_AVAILABILITY = YES_AGGRESSIVE;
				CLANG_WARN_UNREACHABLE_CODE = YES;
				CLANG_WARN__DUPLICATE_METHOD_MATCH = YES;
				COPY_PHASE_STRIP = NO;
				DEBUG_INFORMATION_FORMAT = "dwarf-with-dsym";
				ENABLE_NS_ASSERTIONS = NO;
				ENABLE_STRICT_OBJC_MSGSEND = YES;
				GCC_C_LANGUAGE_STANDARD = gnu11;
				GCC_NO_COMMON_BLOCKS = YES;
				GCC_WARN_64_TO_32_BIT_CONVERSION = YES;
				GCC_WARN_ABOUT_RETURN_TYPE = YES_ERROR;
				GCC_WARN_UNDECLARED_SELECTOR = YES;
				GCC_WARN_UNINITIALIZED_AUTOS = YES_AGGRESSIVE;
				GCC_WARN_UNUSED_FUNCTION = YES;
				GCC_WARN_UNUSED_VARIABLE = YES;
				IPHONEOS_DEPLOYMENT_TARGET = 15.0;
				MTL_ENABLE_DEBUG_INFO = NO;
				MTL_FAST_MATH = YES;
				SDKROOT = iphoneos;
				SWIFT_COMPILATION_MODE = wholemodule;
				SWIFT_OPTIMIZATION_LEVEL = "-O";
				VALIDATE_PRODUCT = YES;
			};
			name = Release;
		};
		FFBA478B278DED9F002E1ABF /* Debug */ = {
			isa = XCBuildConfiguration;
			buildSettings = {
				ASSETCATALOG_COMPILER_APPICON_NAME = AppIcon;
				ASSETCATALOG_COMPILER_GLOBAL_ACCENT_COLOR_NAME = AccentColor;
				CODE_SIGN_ENTITLEMENTS = FirstApp/FirstApp.entitlements;
				CODE_SIGN_STYLE = Automatic;
				CURRENT_PROJECT_VERSION = 1;
				DEVELOPMENT_ASSET_PATHS = "\"FirstApp/Preview Content\"";
				DEVELOPMENT_TEAM = 7A9HJHC9Z8;
				ENABLE_PREVIEWS = YES;
				GENERATE_INFOPLIST_FILE = YES;
				INFOPLIST_FILE = FirstApp/Info.plist;
				INFOPLIST_KEY_UIApplicationSceneManifest_Generation = YES;
				INFOPLIST_KEY_UIApplicationSupportsIndirectInputEvents = YES;
				INFOPLIST_KEY_UILaunchScreen_Generation = YES;
				INFOPLIST_KEY_UISupportedInterfaceOrientations_iPad = "UIInterfaceOrientationPortrait UIInterfaceOrientationPortraitUpsideDown UIInterfaceOrientationLandscapeLeft UIInterfaceOrientationLandscapeRight";
				INFOPLIST_KEY_UISupportedInterfaceOrientations_iPhone = "UIInterfaceOrientationPortrait UIInterfaceOrientationLandscapeLeft UIInterfaceOrientationLandscapeRight";
				LD_RUNPATH_SEARCH_PATHS = (
					"$(inherited)",
					"@executable_path/Frameworks",
				);
				MARKETING_VERSION = 1.0;
				PRODUCT_BUNDLE_IDENTIFIER = com.meyer.swiftui.FirstApp;
				PRODUCT_NAME = "$(TARGET_NAME)";
				SUPPORTS_MACCATALYST = YES;
				SWIFT_EMIT_LOC_STRINGS = YES;
				SWIFT_VERSION = 5.0;
				TARGETED_DEVICE_FAMILY = "1,2";
			};
			name = Debug;
		};
		FFBA478C278DED9F002E1ABF /* Release */ = {
			isa = XCBuildConfiguration;
			buildSettings = {
				ASSETCATALOG_COMPILER_APPICON_NAME = AppIcon;
				ASSETCATALOG_COMPILER_GLOBAL_ACCENT_COLOR_NAME = AccentColor;
				CODE_SIGN_ENTITLEMENTS = FirstApp/FirstApp.entitlements;
				CODE_SIGN_STYLE = Automatic;
				CURRENT_PROJECT_VERSION = 1;
				DEVELOPMENT_ASSET_PATHS = "\"FirstApp/Preview Content\"";
				DEVELOPMENT_TEAM = 7A9HJHC9Z8;
				ENABLE_PREVIEWS = YES;
				GENERATE_INFOPLIST_FILE = YES;
				INFOPLIST_FILE = FirstApp/Info.plist;
				INFOPLIST_KEY_UIApplicationSceneManifest_Generation = YES;
				INFOPLIST_KEY_UIApplicationSupportsIndirectInputEvents = YES;
				INFOPLIST_KEY_UILaunchScreen_Generation = YES;
				INFOPLIST_KEY_UISupportedInterfaceOrientations_iPad = "UIInterfaceOrientationPortrait UIInterfaceOrientationPortraitUpsideDown UIInterfaceOrientationLandscapeLeft UIInterfaceOrientationLandscapeRight";
				INFOPLIST_KEY_UISupportedInterfaceOrientations_iPhone = "UIInterfaceOrientationPortrait UIInterfaceOrientationLandscapeLeft UIInterfaceOrientationLandscapeRight";
				LD_RUNPATH_SEARCH_PATHS = (
					"$(inherited)",
					"@executable_path/Frameworks",
				);
				MARKETING_VERSION = 1.0;
				PRODUCT_BUNDLE_IDENTIFIER = com.meyer.swiftui.FirstApp;
				PRODUCT_NAME = "$(TARGET_NAME)";
				SUPPORTS_MACCATALYST = YES;
				SWIFT_EMIT_LOC_STRINGS = YES;
				SWIFT_VERSION = 5.0;
				TARGETED_DEVICE_FAMILY = "1,2";
			};
			name = Release;
		};
		FFBA478E278DED9F002E1ABF /* Debug */ = {
			isa = XCBuildConfiguration;
			buildSettings = {
				ALWAYS_EMBED_SWIFT_STANDARD_LIBRARIES = YES;
				BUNDLE_LOADER = "$(TEST_HOST)";
				CODE_SIGN_STYLE = Automatic;
				CURRENT_PROJECT_VERSION = 1;
				DEVELOPMENT_TEAM = 7A9HJHC9Z8;
				GENERATE_INFOPLIST_FILE = YES;
				IPHONEOS_DEPLOYMENT_TARGET = 15.2;
				MARKETING_VERSION = 1.0;
				PRODUCT_BUNDLE_IDENTIFIER = com.meyer.swiftui.FirstAppTests;
				PRODUCT_NAME = "$(TARGET_NAME)";
				SWIFT_EMIT_LOC_STRINGS = NO;
				SWIFT_VERSION = 5.0;
				TARGETED_DEVICE_FAMILY = "1,2";
				TEST_HOST = "$(BUILT_PRODUCTS_DIR)/FirstApp.app/FirstApp";
			};
			name = Debug;
		};
		FFBA478F278DED9F002E1ABF /* Release */ = {
			isa = XCBuildConfiguration;
			buildSettings = {
				ALWAYS_EMBED_SWIFT_STANDARD_LIBRARIES = YES;
				BUNDLE_LOADER = "$(TEST_HOST)";
				CODE_SIGN_STYLE = Automatic;
				CURRENT_PROJECT_VERSION = 1;
				DEVELOPMENT_TEAM = 7A9HJHC9Z8;
				GENERATE_INFOPLIST_FILE = YES;
				IPHONEOS_DEPLOYMENT_TARGET = 15.2;
				MARKETING_VERSION = 1.0;
				PRODUCT_BUNDLE_IDENTIFIER = com.meyer.swiftui.FirstAppTests;
				PRODUCT_NAME = "$(TARGET_NAME)";
				SWIFT_EMIT_LOC_STRINGS = NO;
				SWIFT_VERSION = 5.0;
				TARGETED_DEVICE_FAMILY = "1,2";
				TEST_HOST = "$(BUILT_PRODUCTS_DIR)/FirstApp.app/FirstApp";
			};
			name = Release;
		};
		FFBA4791278DED9F002E1ABF /* Debug */ = {
			isa = XCBuildConfiguration;
			buildSettings = {
				ALWAYS_EMBED_SWIFT_STANDARD_LIBRARIES = YES;
				CODE_SIGN_STYLE = Automatic;
				CURRENT_PROJECT_VERSION = 1;
				DEVELOPMENT_TEAM = 7A9HJHC9Z8;
				GENERATE_INFOPLIST_FILE = YES;
				MARKETING_VERSION = 1.0;
				PRODUCT_BUNDLE_IDENTIFIER = com.meyer.swiftui.FirstAppUITests;
				PRODUCT_NAME = "$(TARGET_NAME)";
				SWIFT_EMIT_LOC_STRINGS = NO;
				SWIFT_VERSION = 5.0;
				TARGETED_DEVICE_FAMILY = "1,2";
				TEST_TARGET_NAME = FirstApp;
			};
			name = Debug;
		};
		FFBA4792278DED9F002E1ABF /* Release */ = {
			isa = XCBuildConfiguration;
			buildSettings = {
				ALWAYS_EMBED_SWIFT_STANDARD_LIBRARIES = YES;
				CODE_SIGN_STYLE = Automatic;
				CURRENT_PROJECT_VERSION = 1;
				DEVELOPMENT_TEAM = 7A9HJHC9Z8;
				GENERATE_INFOPLIST_FILE = YES;
				MARKETING_VERSION = 1.0;
				PRODUCT_BUNDLE_IDENTIFIER = com.meyer.swiftui.FirstAppUITests;
				PRODUCT_NAME = "$(TARGET_NAME)";
				SWIFT_EMIT_LOC_STRINGS = NO;
				SWIFT_VERSION = 5.0;
				TARGETED_DEVICE_FAMILY = "1,2";
				TEST_TARGET_NAME = FirstApp;
			};
			name = Release;
		};
/* End XCBuildConfiguration section */

/* Begin XCConfigurationList section */
		FFBA4761278DED9E002E1ABF /* Build configuration list for PBXProject "FirstApp" */ = {
			isa = XCConfigurationList;
			buildConfigurations = (
				FFBA4788278DED9F002E1ABF /* Debug */,
				FFBA4789278DED9F002E1ABF /* Release */,
			);
			defaultConfigurationIsVisible = 0;
			defaultConfigurationName = Release;
		};
		FFBA478A278DED9F002E1ABF /* Build configuration list for PBXNativeTarget "FirstApp" */ = {
			isa = XCConfigurationList;
			buildConfigurations = (
				FFBA478B278DED9F002E1ABF /* Debug */,
				FFBA478C278DED9F002E1ABF /* Release */,
			);
			defaultConfigurationIsVisible = 0;
			defaultConfigurationName = Release;
		};
		FFBA478D278DED9F002E1ABF /* Build configuration list for PBXNativeTarget "FirstAppTests" */ = {
			isa = XCConfigurationList;
			buildConfigurations = (
				FFBA478E278DED9F002E1ABF /* Debug */,
				FFBA478F278DED9F002E1ABF /* Release */,
			);
			defaultConfigurationIsVisible = 0;
			defaultConfigurationName = Release;
		};
		FFBA4790278DED9F002E1ABF /* Build configuration list for PBXNativeTarget "FirstAppUITests" */ = {
			isa = XCConfigurationList;
			buildConfigurations = (
				FFBA4791278DED9F002E1ABF /* Debug */,
				FFBA4792278DED9F002E1ABF /* Release */,
			);
			defaultConfigurationIsVisible = 0;
			defaultConfigurationName = Release;
		};
/* End XCConfigurationList section */
	};
	rootObject = FFBA475E278DED9E002E1ABF /* Project object */;
}
